
Microsoft Visual Studio Solution File, Format Version 12.00
# Visual Studio Version 17
VisualStudioVersion = 17.13.35806.99
MinimumVisualStudioVersion = 10.0.40219.1
Project("{2150E333-8FDC-42A3-9474-1A3956D46DE8}") = "Helms", "Helms", "{02EA681E-C7D8-13C7-8484-4AC65E1B71E8}"
EndProject
Project("{FAE04EC0-301F-11D3-BF4B-00C04F79EFBC}") = "Helm.Shared", "Helms\Helm.Shared\Helm.Shared.csproj", "{F3C151E3-BBEE-4AFA-8683-B5B03886178E}"
EndProject
Project("{FAE04EC0-301F-11D3-BF4B-00C04F79EFBC}") = "Helm.MAUI", "Helms\Helm.MAUI\Helm.MAUI.csproj", "{DA6DA6E7-31D5-456A-B67E-795B8C00659E}"
EndProject
Project("{FAE04EC0-301F-11D3-BF4B-00C04F79EFBC}") = "Helm", "Helms\Helm\Helm.csproj", "{9160614A-B93E-4A3B-9F9A-7A9793E9A8FA}"
EndProject
Project("{FAE04EC0-301F-11D3-BF4B-00C04F79EFBC}") = "Helm.Client", "Helms\Helm.Client\Helm.Client.csproj", "{E599D680-3077-48C8-9F8E-4755D663376A}"
EndProject
Project("{2150E333-8FDC-42A3-9474-1A3956D46DE8}") = "Camp", "Camp", "{E4F6C0B9-EB24-4E5A-B604-864F05C243F1}"
EndProject
Project("{FAE04EC0-301F-11D3-BF4B-00C04F79EFBC}") = "SharedArsenal", "Camp\SharedArsenal\SharedArsenal.csproj", "{933DFED0-2BF4-4FBC-A8D4-B55AC8C56D67}"
EndProject
Project("{FAE04EC0-301F-11D3-BF4B-00C04F79EFBC}") = "MB", "Camp\MB\MB.csproj", "{B842085A-7114-4DE1-879C-888032CA7425}"
EndProject
Project("{FAE04EC0-301F-11D3-BF4B-00C04F79EFBC}") = "Knight", "Camp\Knight\Knight.csproj", "{5A1DCA6B-6EFC-492D-BD2C-E2BDF81AB4D1}"
EndProject
Project("{FAE04EC0-301F-11D3-BF4B-00C04F79EFBC}") = "Castle", "Castle\Castle.csproj", "{A0FBCEF0-E529-498A-BD50-30529726EEB6}"
EndProject
Project("{2150E333-8FDC-42A3-9474-1A3956D46DE8}") = "Misc", "Misc", "{CA174781-B25A-4099-98F3-FEBAED9AC8E7}"
EndProject
Project("{FAE04EC0-301F-11D3-BF4B-00C04F79EFBC}") = "CodeBuilder", "Misc\CodeBuilder\CodeBuilder.csproj", "{6A5BFC03-E810-44C3-8792-E85E55594502}"
EndProject
Project("{FAE04EC0-301F-11D3-BF4B-00C04F79EFBC}") = "ConsoleClientTest", "Misc\ConsoleClientTest\ConsoleClientTest.csproj", "{A865254F-4982-4A61-B343-C2D03644D5D0}"
EndProject
Global
	GlobalSection(SolutionConfigurationPlatforms) = preSolution
		Debug|Any CPU = Debug|Any CPU
		Debug|x64 = Debug|x64
		Release|Any CPU = Release|Any CPU
		Release|x64 = Release|x64
	EndGlobalSection
	GlobalSection(ProjectConfigurationPlatforms) = postSolution
		{F3C151E3-BBEE-4AFA-8683-B5B03886178E}.Debug|Any CPU.ActiveCfg = Debug|Any CPU
		{F3C151E3-BBEE-4AFA-8683-B5B03886178E}.Debug|Any CPU.Build.0 = Debug|Any CPU
		{F3C151E3-BBEE-4AFA-8683-B5B03886178E}.Debug|x64.ActiveCfg = Debug|Any CPU
		{F3C151E3-BBEE-4AFA-8683-B5B03886178E}.Debug|x64.Build.0 = Debug|Any CPU
		{F3C151E3-BBEE-4AFA-8683-B5B03886178E}.Release|Any CPU.ActiveCfg = Release|Any CPU
		{F3C151E3-BBEE-4AFA-8683-B5B03886178E}.Release|Any CPU.Build.0 = Release|Any CPU
		{F3C151E3-BBEE-4AFA-8683-B5B03886178E}.Release|x64.ActiveCfg = Release|Any CPU
		{F3C151E3-BBEE-4AFA-8683-B5B03886178E}.Release|x64.Build.0 = Release|Any CPU
		{DA6DA6E7-31D5-456A-B67E-795B8C00659E}.Debug|Any CPU.ActiveCfg = Debug|Any CPU
		{DA6DA6E7-31D5-456A-B67E-795B8C00659E}.Debug|Any CPU.Build.0 = Debug|Any CPU
		{DA6DA6E7-31D5-456A-B67E-795B8C00659E}.Debug|Any CPU.Deploy.0 = Debug|Any CPU
		{DA6DA6E7-31D5-456A-B67E-795B8C00659E}.Debug|x64.ActiveCfg = Debug|Any CPU
		{DA6DA6E7-31D5-456A-B67E-795B8C00659E}.Debug|x64.Build.0 = Debug|Any CPU
		{DA6DA6E7-31D5-456A-B67E-795B8C00659E}.Debug|x64.Deploy.0 = Debug|Any CPU
		{DA6DA6E7-31D5-456A-B67E-795B8C00659E}.Release|Any CPU.ActiveCfg = Release|Any CPU
		{DA6DA6E7-31D5-456A-B67E-795B8C00659E}.Release|Any CPU.Build.0 = Release|Any CPU
		{DA6DA6E7-31D5-456A-B67E-795B8C00659E}.Release|Any CPU.Deploy.0 = Release|Any CPU
		{DA6DA6E7-31D5-456A-B67E-795B8C00659E}.Release|x64.ActiveCfg = Release|Any CPU
		{DA6DA6E7-31D5-456A-B67E-795B8C00659E}.Release|x64.Build.0 = Release|Any CPU
		{DA6DA6E7-31D5-456A-B67E-795B8C00659E}.Release|x64.Deploy.0 = Release|Any CPU
		{9160614A-B93E-4A3B-9F9A-7A9793E9A8FA}.Debug|Any CPU.ActiveCfg = Debug|Any CPU
		{9160614A-B93E-4A3B-9F9A-7A9793E9A8FA}.Debug|Any CPU.Build.0 = Debug|Any CPU
		{9160614A-B93E-4A3B-9F9A-7A9793E9A8FA}.Debug|x64.ActiveCfg = Debug|Any CPU
		{9160614A-B93E-4A3B-9F9A-7A9793E9A8FA}.Debug|x64.Build.0 = Debug|Any CPU
		{9160614A-B93E-4A3B-9F9A-7A9793E9A8FA}.Release|Any CPU.ActiveCfg = Release|Any CPU
		{9160614A-B93E-4A3B-9F9A-7A9793E9A8FA}.Release|Any CPU.Build.0 = Release|Any CPU
		{9160614A-B93E-4A3B-9F9A-7A9793E9A8FA}.Release|x64.ActiveCfg = Release|Any CPU
		{9160614A-B93E-4A3B-9F9A-7A9793E9A8FA}.Release|x64.Build.0 = Release|Any CPU
		{E599D680-3077-48C8-9F8E-4755D663376A}.Debug|Any CPU.ActiveCfg = Debug|Any CPU
		{E599D680-3077-48C8-9F8E-4755D663376A}.Debug|Any CPU.Build.0 = Debug|Any CPU
		{E599D680-3077-48C8-9F8E-4755D663376A}.Debug|x64.ActiveCfg = Debug|Any CPU
		{E599D680-3077-48C8-9F8E-4755D663376A}.Debug|x64.Build.0 = Debug|Any CPU
		{E599D680-3077-48C8-9F8E-4755D663376A}.Release|Any CPU.ActiveCfg = Release|Any CPU
		{E599D680-3077-48C8-9F8E-4755D663376A}.Release|Any CPU.Build.0 = Release|Any CPU
		{E599D680-3077-48C8-9F8E-4755D663376A}.Release|x64.ActiveCfg = Release|Any CPU
		{E599D680-3077-48C8-9F8E-4755D663376A}.Release|x64.Build.0 = Release|Any CPU
		{933DFED0-2BF4-4FBC-A8D4-B55AC8C56D67}.Debug|Any CPU.ActiveCfg = Debug|Any CPU
		{933DFED0-2BF4-4FBC-A8D4-B55AC8C56D67}.Debug|Any CPU.Build.0 = Debug|Any CPU
		{933DFED0-2BF4-4FBC-A8D4-B55AC8C56D67}.Debug|x64.ActiveCfg = Debug|Any CPU
		{933DFED0-2BF4-4FBC-A8D4-B55AC8C56D67}.Debug|x64.Build.0 = Debug|Any CPU
		{933DFED0-2BF4-4FBC-A8D4-B55AC8C56D67}.Release|Any CPU.ActiveCfg = Release|Any CPU
		{933DFED0-2BF4-4FBC-A8D4-B55AC8C56D67}.Release|Any CPU.Build.0 = Release|Any CPU
		{933DFED0-2BF4-4FBC-A8D4-B55AC8C56D67}.Release|x64.ActiveCfg = Release|Any CPU
		{933DFED0-2BF4-4FBC-A8D4-B55AC8C56D67}.Release|x64.Build.0 = Release|Any CPU
		{B842085A-7114-4DE1-879C-888032CA7425}.Debug|Any CPU.ActiveCfg = Debug|Any CPU
		{B842085A-7114-4DE1-879C-888032CA7425}.Debug|Any CPU.Build.0 = Debug|Any CPU
		{B842085A-7114-4DE1-879C-888032CA7425}.Debug|x64.ActiveCfg = Debug|Any CPU
		{B842085A-7114-4DE1-879C-888032CA7425}.Debug|x64.Build.0 = Debug|Any CPU
		{B842085A-7114-4DE1-879C-888032CA7425}.Release|Any CPU.ActiveCfg = Release|Any CPU
		{B842085A-7114-4DE1-879C-888032CA7425}.Release|Any CPU.Build.0 = Release|Any CPU
		{B842085A-7114-4DE1-879C-888032CA7425}.Release|x64.ActiveCfg = Release|Any CPU
		{B842085A-7114-4DE1-879C-888032CA7425}.Release|x64.Build.0 = Release|Any CPU
		{5A1DCA6B-6EFC-492D-BD2C-E2BDF81AB4D1}.Debug|Any CPU.ActiveCfg = Debug|Any CPU
		{5A1DCA6B-6EFC-492D-BD2C-E2BDF81AB4D1}.Debug|Any CPU.Build.0 = Debug|Any CPU
		{5A1DCA6B-6EFC-492D-BD2C-E2BDF81AB4D1}.Debug|x64.ActiveCfg = Debug|x64
		{5A1DCA6B-6EFC-492D-BD2C-E2BDF81AB4D1}.Debug|x64.Build.0 = Debug|x64
		{5A1DCA6B-6EFC-492D-BD2C-E2BDF81AB4D1}.Release|Any CPU.ActiveCfg = Release|Any CPU
		{5A1DCA6B-6EFC-492D-BD2C-E2BDF81AB4D1}.Release|Any CPU.Build.0 = Release|Any CPU
		{5A1DCA6B-6EFC-492D-BD2C-E2BDF81AB4D1}.Release|x64.ActiveCfg = Release|x64
		{5A1DCA6B-6EFC-492D-BD2C-E2BDF81AB4D1}.Release|x64.Build.0 = Release|x64
		{A0FBCEF0-E529-498A-BD50-30529726EEB6}.Debug|Any CPU.ActiveCfg = Debug|Any CPU
		{A0FBCEF0-E529-498A-BD50-30529726EEB6}.Debug|Any CPU.Build.0 = Debug|Any CPU
		{A0FBCEF0-E529-498A-BD50-30529726EEB6}.Debug|x64.ActiveCfg = Debug|Any CPU
		{A0FBCEF0-E529-498A-BD50-30529726EEB6}.Debug|x64.Build.0 = Debug|Any CPU
		{A0FBCEF0-E529-498A-BD50-30529726EEB6}.Release|Any CPU.ActiveCfg = Release|Any CPU
		{A0FBCEF0-E529-498A-BD50-30529726EEB6}.Release|Any CPU.Build.0 = Release|Any CPU
		{A0FBCEF0-E529-498A-BD50-30529726EEB6}.Release|x64.ActiveCfg = Release|Any CPU
		{A0FBCEF0-E529-498A-BD50-30529726EEB6}.Release|x64.Build.0 = Release|Any CPU
		{6A5BFC03-E810-44C3-8792-E85E55594502}.Debug|Any CPU.ActiveCfg = Debug|Any CPU
		{6A5BFC03-E810-44C3-8792-E85E55594502}.Debug|Any CPU.Build.0 = Debug|Any CPU
		{6A5BFC03-E810-44C3-8792-E85E55594502}.Debug|x64.ActiveCfg = Debug|Any CPU
		{6A5BFC03-E810-44C3-8792-E85E55594502}.Debug|x64.Build.0 = Debug|Any CPU
		{6A5BFC03-E810-44C3-8792-E85E55594502}.Release|Any CPU.ActiveCfg = Release|Any CPU
		{6A5BFC03-E810-44C3-8792-E85E55594502}.Release|Any CPU.Build.0 = Release|Any CPU
		{6A5BFC03-E810-44C3-8792-E85E55594502}.Release|x64.ActiveCfg = Release|Any CPU
		{6A5BFC03-E810-44C3-8792-E85E55594502}.Release|x64.Build.0 = Release|Any CPU
		{A865254F-4982-4A61-B343-C2D03644D5D0}.Debug|Any CPU.ActiveCfg = Debug|Any CPU
		{A865254F-4982-4A61-B343-C2D03644D5D0}.Debug|Any CPU.Build.0 = Debug|Any CPU
		{A865254F-4982-4A61-B343-C2D03644D5D0}.Debug|x64.ActiveCfg = Debug|Any CPU
		{A865254F-4982-4A61-B343-C2D03644D5D0}.Debug|x64.Build.0 = Debug|Any CPU
		{A865254F-4982-4A61-B343-C2D03644D5D0}.Release|Any CPU.ActiveCfg = Release|Any CPU
		{A865254F-4982-4A61-B343-C2D03644D5D0}.Release|Any CPU.Build.0 = Release|Any CPU
		{A865254F-4982-4A61-B343-C2D03644D5D0}.Release|x64.ActiveCfg = Release|Any CPU
		{A865254F-4982-4A61-B343-C2D03644D5D0}.Release|x64.Build.0 = Release|Any CPU
	EndGlobalSection
	GlobalSection(SolutionProperties) = preSolution
		HideSolutionNode = FALSE
	EndGlobalSection
	GlobalSection(NestedProjects) = preSolution
		{F3C151E3-BBEE-4AFA-8683-B5B03886178E} = {02EA681E-C7D8-13C7-8484-4AC65E1B71E8}
		{DA6DA6E7-31D5-456A-B67E-795B8C00659E} = {02EA681E-C7D8-13C7-8484-4AC65E1B71E8}
		{9160614A-B93E-4A3B-9F9A-7A9793E9A8FA} = {02EA681E-C7D8-13C7-8484-4AC65E1B71E8}
		{E599D680-3077-48C8-9F8E-4755D663376A} = {02EA681E-C7D8-13C7-8484-4AC65E1B71E8}
		{933DFED0-2BF4-4FBC-A8D4-B55AC8C56D67} = {E4F6C0B9-EB24-4E5A-B604-864F05C243F1}
		{B842085A-7114-4DE1-879C-888032CA7425} = {E4F6C0B9-EB24-4E5A-B604-864F05C243F1}
		{5A1DCA6B-6EFC-492D-BD2C-E2BDF81AB4D1} = {E4F6C0B9-EB24-4E5A-B604-864F05C243F1}
		{6A5BFC03-E810-44C3-8792-E85E55594502} = {CA174781-B25A-4099-98F3-FEBAED9AC8E7}
		{A865254F-4982-4A61-B343-C2D03644D5D0} = {CA174781-B25A-4099-98F3-FEBAED9AC8E7}
	EndGlobalSection
	GlobalSection(ExtensibilityGlobals) = postSolution
		SolutionGuid = {90892188-826B-4BBF-945D-FE341CEE55F0}
		        SolutionGuid = {BDC5101A-99E5-4089-A357-EC82E21FFDED}
	EndGlobalSection
EndGlobal
